Microsoft Visual Studio Solution File, Format Version 12.00
# Visual Studio Version 17
VisualStudioVersion = 17.5.2.0
MinimumVisualStudioVersion = 10.0.40219.1
Project("{FAE04EC0-301F-11D3-BF4B-00C04F79EFBC}") = "options-tracker-backend", "options-tracker-backend.csproj", "{0ABAE4B8-AF38-0A08-CD86-0667756792DE}"
EndProject
Global
	GlobalSection(SolutionConfigurationPlatforms) = preSolution
		Debug|Any CPU = Debug|Any CPU
		Release|Any CPU = Release|Any CPU
	EndGlobalSection
	GlobalSection(ProjectConfigurationPlatforms) = postSolution
		{0ABAE4B8-AF38-0A08-CD86-0667756792DE}.Debug|Any CPU.ActiveCfg = Debug|Any CPU
		{0ABAE4B8-AF38-0A08-CD86-0667756792DE}.Debug|Any CPU.Build.0 = Debug|Any CPU
		{0ABAE4B8-AF38-0A08-CD86-0667756792DE}.Release|Any CPU.ActiveCfg = Release|Any CPU
		{0ABAE4B8-AF38-0A08-CD86-0667756792DE}.Release|Any CPU.Build.0 = Release|Any CPU
	EndGlobalSection
	GlobalSection(SolutionProperties) = preSolution
		HideSolutionNode = FALSE
	EndGlobalSection
	GlobalSection(ExtensibilityGlobals) = postSolution
		SolutionGuid = {B0B325AC-8640-4B5A-BF1D-863A8BEA67D4}
	EndGlobalSection
EndGlobal
